
Microsoft Visual Studio Solution File, Format Version 12.00
# Visual Studio Version 17
VisualStudioVersion = 17.1.31911.260
MinimumVisualStudioVersion = 10.0.40219.1
Project("{9A19103F-16F7-4668-BE54-9A1E7A4F7556}") = "NzCovidPassTelegramBot", "NzCovidPassTelegramBot\NzCovidPassTelegramBot.csproj", "{17B40DA0-36D1-4E64-A75D-A86C44B7B205}"
EndProject
Global
	GlobalSection(SolutionConfigurationPlatforms) = preSolution
		Debug|Any CPU = Debug|Any CPU
		Release|Any CPU = Release|Any CPU
	EndGlobalSection
	GlobalSection(ProjectConfigurationPlatforms) = postSolution
		{17B40DA0-36D1-4E64-A75D-A86C44B7B205}.Debug|Any CPU.ActiveCfg = Debug|Any CPU
		{17B40DA0-36D1-4E64-A75D-A86C44B7B205}.Debug|Any CPU.Build.0 = Debug|Any CPU
		{17B40DA0-36D1-4E64-A75D-A86C44B7B205}.Release|Any CPU.ActiveCfg = Release|Any CPU
		{17B40DA0-36D1-4E64-A75D-A86C44B7B205}.Release|Any CPU.Build.0 = Release|Any CPU
	EndGlobalSection
	GlobalSection(SolutionProperties) = preSolution
		HideSolutionNode = FALSE
	EndGlobalSection
	GlobalSection(ExtensibilityGlobals) = postSolution
		SolutionGuid = {5914C24C-A706-4F2B-AB5F-992784517EED}
	EndGlobalSection
EndGlobal
